
Microsoft Visual Studio Solution File, Format Version 12.00
# Visual Studio Version 16
VisualStudioVersion = 16.0.31129.286
MinimumVisualStudioVersion = 10.0.40219.1
Project("{FAE04EC0-301F-11D3-BF4B-00C04F79EFBC}") = "XSync", "XSync.csproj", "{0D38C19C-E7FF-434C-B44C-234E9DFFBEEA}"
EndProject
Global
	GlobalSection(SolutionConfigurationPlatforms) = preSolution
		Debug|Any CPU = Debug|Any CPU
		Release|Any CPU = Release|Any CPU
	EndGlobalSection
	GlobalSection(ProjectConfigurationPlatforms) = postSolution
		{0D38C19C-E7FF-434C-B44C-234E9DFFBEEA}.Debug|Any CPU.ActiveCfg = Debug|Any CPU
		{0D38C19C-E7FF-434C-B44C-234E9DFFBEEA}.Debug|Any CPU.Build.0 = Debug|Any CPU
		{0D38C19C-E7FF-434C-B44C-234E9DFFBEEA}.Release|Any CPU.ActiveCfg = Release|Any CPU
		{0D38C19C-E7FF-434C-B44C-234E9DFFBEEA}.Release|Any CPU.Build.0 = Release|Any CPU
	EndGlobalSection
	GlobalSection(SolutionProperties) = preSolution
		HideSolutionNode = FALSE
	EndGlobalSection
	GlobalSection(ExtensibilityGlobals) = postSolution
		SolutionGuid = {D8BAD235-7477-4301-9173-7AFA31C941AB}
	EndGlobalSection
EndGlobal
